{
  "name": "user-service",
  "version": "1.0.0",
  "lockfileVersion": 1,
  "requires": true,
  "dependencies": {
    "group-service": {
      "version": "file:../group-service",
      "requires": {
        "mongoose": "5.2.7",
        "user-service": "file:"
      },
      "dependencies": {
        "async": {
          "version": "2.6.1",
          "bundled": true,
          "requires": {
            "lodash": "4.17.10"
          }
        },
        "bluebird": {
          "version": "3.5.1",
          "bundled": true
        },
        "bson": {
          "version": "1.0.9",
          "bundled": true
        },
        "debug": {
          "version": "3.1.0",
          "bundled": true,
          "requires": {
            "ms": "2.0.0"
          }
        },
        "kareem": {
          "version": "2.2.1",
          "bundled": true
        },
        "lodash": {
          "version": "4.17.10",
          "bundled": true
        },
        "lodash.get": {
          "version": "4.4.2",
          "bundled": true
        },
        "mongodb": {
          "version": "3.1.1",
          "bundled": true,
          "requires": {
            "mongodb-core": "3.1.0"
          }
        },
        "mongodb-core": {
          "version": "3.1.0",
          "bundled": true,
          "requires": {
            "bson": "1.0.9",
            "require_optional": "1.0.1",
            "saslprep": "1.0.1"
          }
        },
        "mongoose": {
          "version": "5.2.7",
          "bundled": true,
          "requires": {
            "async": "2.6.1",
            "bson": "1.0.9",
            "kareem": "2.2.1",
            "lodash.get": "4.4.2",
            "mongodb": "3.1.1",
            "mongodb-core": "3.1.0",
            "mongoose-legacy-pluralize": "1.0.2",
            "mpath": "0.4.1",
            "mquery": "3.1.2",
            "ms": "2.0.0",
            "regexp-clone": "0.0.1",
            "sliced": "1.0.1"
          }
        },
        "mongoose-legacy-pluralize": {
          "version": "1.0.2",
          "bundled": true
        },
        "mpath": {
          "version": "0.4.1",
          "bundled": true
        },
        "mquery": {
          "version": "3.1.2",
          "bundled": true,
          "requires": {
            "bluebird": "3.5.1",
            "debug": "3.1.0",
            "regexp-clone": "0.0.1",
            "sliced": "1.0.1"
          }
        },
        "ms": {
          "version": "2.0.0",
          "bundled": true
        },
        "regexp-clone": {
          "version": "0.0.1",
          "bundled": true
        },
        "require_optional": {
          "version": "1.0.1",
          "bundled": true,
          "requires": {
            "resolve-from": "2.0.0",
            "semver": "5.5.0"
          }
        },
        "resolve-from": {
          "version": "2.0.0",
          "bundled": true
        },
        "saslprep": {
          "version": "1.0.1",
          "bundled": true,
          "optional": true
        },
        "semver": {
          "version": "5.5.0",
          "bundled": true
        },
        "sliced": {
          "version": "1.0.1",
          "bundled": true
        },
        "user-service": {
          "version": "file:",
          "bundled": true,
          "requires": {
            "group-service": "file:../group-service"
          },
          "dependencies": {
            "group-service": {
              "version": "file:../group-service",
              "bundled": true,
              "requires": {
                "mongoose": "5.2.7",
                "user-service": "file:"
              },
              "dependencies": {
                "async": {
                  "version": "2.6.1",
                  "bundled": true,
                  "requires": {
                    "lodash": "4.17.10"
                  }
                },
                "bluebird": {
                  "version": "3.5.1",
                  "bundled": true
                },
                "bson": {
                  "version": "1.0.9",
                  "bundled": true
                },
                "debug": {
                  "version": "3.1.0",
                  "bundled": true,
                  "requires": {
                    "ms": "2.0.0"
                  }
                },
                "kareem": {
                  "version": "2.2.1",
                  "bundled": true
                },
                "lodash": {
                  "version": "4.17.10",
                  "bundled": true
                },
                "lodash.get": {
                  "version": "4.4.2",
                  "bundled": true
                },
                "mongodb": {
                  "version": "3.1.1",
                  "bundled": true,
                  "requires": {
                    "mongodb-core": "3.1.0"
                  }
                },
                "mongodb-core": {
                  "version": "3.1.0",
                  "bundled": true,
                  "requires": {
                    "bson": "1.0.9",
                    "require_optional": "1.0.1",
                    "saslprep": "1.0.1"
                  }
                },
                "mongoose": {
                  "version": "5.2.7",
                  "bundled": true,
                  "requires": {
                    "async": "2.6.1",
                    "bson": "1.0.9",
                    "kareem": "2.2.1",
                    "lodash.get": "4.4.2",
                    "mongodb": "3.1.1",
                    "mongodb-core": "3.1.0",
                    "mongoose-legacy-pluralize": "1.0.2",
                    "mpath": "0.4.1",
                    "mquery": "3.1.2",
                    "ms": "2.0.0",
                    "regexp-clone": "0.0.1",
                    "sliced": "1.0.1"
                  }
                },
                "mongoose-legacy-pluralize": {
                  "version": "1.0.2",
                  "bundled": true
                },
                "mpath": {
                  "version": "0.4.1",
                  "bundled": true
                },
                "mquery": {
                  "version": "3.1.2",
                  "bundled": true,
                  "requires": {
                    "bluebird": "3.5.1",
                    "debug": "3.1.0",
                    "regexp-clone": "0.0.1",
                    "sliced": "1.0.1"
                  }
                },
                "ms": {
                  "version": "2.0.0",
                  "bundled": true
                },
                "regexp-clone": {
                  "version": "0.0.1",
                  "bundled": true
                },
                "require_optional": {
                  "version": "1.0.1",
                  "bundled": true,
                  "requires": {
                    "resolve-from": "2.0.0",
                    "semver": "5.5.0"
                  }
                },
                "resolve-from": {
                  "version": "2.0.0",
                  "bundled": true
                },
                "saslprep": {
                  "version": "1.0.1",
                  "bundled": true,
                  "optional": true
                },
                "semver": {
                  "version": "5.5.0",
                  "bundled": true
                },
                "sliced": {
                  "version": "1.0.1",
                  "bundled": true
                },
                "user-service": {
                  "version": "file:",
                  "bundled": true,
                  "requires": {
                    "group-service": "file:../group-service"
                  },
                  "dependencies": {
                    "group-service": {
                      "version": "file:../group-service",
                      "bundled": true,
                      "requires": {
                        "mongoose": "5.2.7",
                        "user-service": "file:"
                      },
                      "dependencies": {
                        "async": {
                          "version": "2.6.1",
                          "bundled": true,
                          "requires": {
                            "lodash": "4.17.10"
                          }
                        },
                        "bluebird": {
                          "version": "3.5.1",
                          "bundled": true
                        },
                        "bson": {
                          "version": "1.0.9",
                          "bundled": true
                        },
                        "debug": {
                          "version": "3.1.0",
                          "bundled": true,
                          "requires": {
                            "ms": "2.0.0"
                          }
                        },
                        "kareem": {
                          "version": "2.2.1",
                          "bundled": true
                        },
                        "lodash": {
                          "version": "4.17.10",
                          "bundled": true
                        },
                        "lodash.get": {
                          "version": "4.4.2",
                          "bundled": true
                        },
                        "mongodb": {
                          "version": "3.1.1",
                          "bundled": true,
                          "requires": {
                            "mongodb-core": "3.1.0"
                          }
                        },
                        "mongodb-core": {
                          "version": "3.1.0",
                          "bundled": true,
                          "requires": {
                            "bson": "1.0.9",
                            "require_optional": "1.0.1",
                            "saslprep": "1.0.1"
                          }
                        },
                        "mongoose": {
                          "version": "5.2.7",
                          "bundled": true,
                          "requires": {
                            "async": "2.6.1",
                            "bson": "1.0.9",
                            "kareem": "2.2.1",
                            "lodash.get": "4.4.2",
                            "mongodb": "3.1.1",
                            "mongodb-core": "3.1.0",
                            "mongoose-legacy-pluralize": "1.0.2",
                            "mpath": "0.4.1",
                            "mquery": "3.1.2",
                            "ms": "2.0.0",
                            "regexp-clone": "0.0.1",
                            "sliced": "1.0.1"
                          }
                        },
                        "mongoose-legacy-pluralize": {
                          "version": "1.0.2",
                          "bundled": true
                        },
                        "mpath": {
                          "version": "0.4.1",
                          "bundled": true
                        },
                        "mquery": {
                          "version": "3.1.2",
                          "bundled": true,
                          "requires": {
                            "bluebird": "3.5.1",
                            "debug": "3.1.0",
                            "regexp-clone": "0.0.1",
                            "sliced": "1.0.1"
                          }
                        },
                        "ms": {
                          "version": "2.0.0",
                          "bundled": true
                        },
                        "regexp-clone": {
                          "version": "0.0.1",
                          "bundled": true
                        },
                        "require_optional": {
                          "version": "1.0.1",
                          "bundled": true,
                          "requires": {
                            "resolve-from": "2.0.0",
                            "semver": "5.5.0"
                          }
                        },
                        "resolve-from": {
                          "version": "2.0.0",
                          "bundled": true
                        },
                        "saslprep": {
                          "version": "1.0.1",
                          "bundled": true,
                          "optional": true
                        },
                        "semver": {
                          "version": "5.5.0",
                          "bundled": true
                        },
                        "sliced": {
                          "version": "1.0.1",
                          "bundled": true
                        },
                        "user-service": {
                          "version": "file:",
                          "bundled": true,
                          "requires": {
                            "group-service": "file:../group-service"
                          },
                          "dependencies": {}
                        }
                      }
                    }
                  }
                }
              }
            }
          }
        }
      }
    },
    "service-components": {
      "version": "file:../service-components"
    }
  }
}
