{
  "name": "question",
  "version": "1.0.0",
  "lockfileVersion": 1,
  "requires": true,
  "dependencies": {
    "bcryptjs": {
      "version": "2.4.3",
      "resolved": "https://registry.npmjs.org/bcryptjs/-/bcryptjs-2.4.3.tgz",
      "integrity": "sha1-mrVie5PmBiH/fNrF2pczAn3x0Ms="
    },
    "service-components": {
      "version": "file:../service-components",
      "requires": {
        "mongodb": "^3.1.8"
      },
      "dependencies": {
        "bson": {
          "version": "1.1.0",
          "bundled": true
        },
        "memory-pager": {
          "version": "1.1.0",
          "bundled": true,
          "optional": true
        },
        "mongodb": {
          "version": "3.1.8",
          "bundled": true,
          "requires": {
            "mongodb-core": "3.1.7",
            "safe-buffer": "^5.1.2"
          }
        },
        "mongodb-core": {
          "version": "3.1.7",
          "bundled": true,
          "requires": {
            "bson": "^1.1.0",
            "require_optional": "^1.0.1",
            "safe-buffer": "^5.1.2",
            "saslprep": "^1.0.0"
          }
        },
        "require_optional": {
          "version": "1.0.1",
          "bundled": true,
          "requires": {
            "resolve-from": "^2.0.0",
            "semver": "^5.1.0"
          }
        },
        "resolve-from": {
          "version": "2.0.0",
          "bundled": true
        },
        "safe-buffer": {
          "version": "5.1.2",
          "bundled": true
        },
        "saslprep": {
          "version": "1.0.2",
          "bundled": true,
          "optional": true,
          "requires": {
            "sparse-bitfield": "^3.0.3"
          }
        },
        "semver": {
          "version": "5.6.0",
          "bundled": true
        },
        "sparse-bitfield": {
          "version": "3.0.3",
          "bundled": true,
          "optional": true,
          "requires": {
            "memory-pager": "^1.0.2"
          }
        }
      }
    }
  }
}
