{
  "name": "question",
  "version": "1.0.0",
  "lockfileVersion": 1,
  "requires": true,
  "dependencies": {
    "answer": {
      "version": "file:../answer",
      "requires": {
        "service-components": "file:../service-components"
      },
      "dependencies": {
        "service-components": {
          "version": "file:../service-components",
          "bundled": true
        }
      }
    },
    "service-components": {
      "version": "file:../service-components"
    }
  }
}
